
Microsoft Visual Studio Solution File, Format Version 12.00
# Visual Studio Version 17
VisualStudioVersion = 17.13.35931.197 d17.13
MinimumVisualStudioVersion = 10.0.40219.1
Project("{FAE04EC0-301F-11D3-BF4B-00C04F79EFBC}") = "WarmindoSimulator", "WarmindoSimulator\WarmindoSimulator.csproj", "{D955C0B6-249B-4035-86BE-4BE74F0EE392}"
EndProject
Global
	GlobalSection(SolutionConfigurationPlatforms) = preSolution
		Debug|Any CPU = Debug|Any CPU
		Release|Any CPU = Release|Any CPU
	EndGlobalSection
	GlobalSection(ProjectConfigurationPlatforms) = postSolution
		{D955C0B6-249B-4035-86BE-4BE74F0EE392}.Debug|Any CPU.ActiveCfg = Debug|Any CPU
		{D955C0B6-249B-4035-86BE-4BE74F0EE392}.Debug|Any CPU.Build.0 = Debug|Any CPU
		{D955C0B6-249B-4035-86BE-4BE74F0EE392}.Release|Any CPU.ActiveCfg = Release|Any CPU
		{D955C0B6-249B-4035-86BE-4BE74F0EE392}.Release|Any CPU.Build.0 = Release|Any CPU
	EndGlobalSection
	GlobalSection(SolutionProperties) = preSolution
		HideSolutionNode = FALSE
	EndGlobalSection
	GlobalSection(ExtensibilityGlobals) = postSolution
		SolutionGuid = {99829B0E-A96D-4BA9-9570-76EE2ACDD94E}
	EndGlobalSection
EndGlobal
